
Microsoft Visual Studio Solution File, Format Version 12.00
# Visual Studio Version 17
VisualStudioVersion = 17.5.33516.290
MinimumVisualStudioVersion = 10.0.40219.1
Project("{FAE04EC0-301F-11D3-BF4B-00C04F79EFBC}") = "CRUDOperation", "CRUDOperation\CRUDOperation.csproj", "{37486552-FD32-40EA-95F1-6113ACAB8E7C}"
EndProject
Global
	GlobalSection(SolutionConfigurationPlatforms) = preSolution
		Debug|Any CPU = Debug|Any CPU
		Release|Any CPU = Release|Any CPU
	EndGlobalSection
	GlobalSection(ProjectConfigurationPlatforms) = postSolution
		{37486552-FD32-40EA-95F1-6113ACAB8E7C}.Debug|Any CPU.ActiveCfg = Debug|Any CPU
		{37486552-FD32-40EA-95F1-6113ACAB8E7C}.Debug|Any CPU.Build.0 = Debug|Any CPU
		{37486552-FD32-40EA-95F1-6113ACAB8E7C}.Release|Any CPU.ActiveCfg = Release|Any CPU
		{37486552-FD32-40EA-95F1-6113ACAB8E7C}.Release|Any CPU.Build.0 = Release|Any CPU
	EndGlobalSection
	GlobalSection(SolutionProperties) = preSolution
		HideSolutionNode = FALSE
	EndGlobalSection
	GlobalSection(ExtensibilityGlobals) = postSolution
		SolutionGuid = {2B02AEC8-8F85-44C4-9D6D-BCFDC8C6C6CF}
	EndGlobalSection
EndGlobal
